
Microsoft Visual Studio Solution File, Format Version 12.00
# Visual Studio Version 17
VisualStudioVersion = 17.3.32825.248
MinimumVisualStudioVersion = 10.0.40219.1
Project("{FAE04EC0-301F-11D3-BF4B-00C04F79EFBC}") = "Lab6CSharp", "Lab6CSharp\Lab6CSharp.csproj", "{FF4C4EC7-F6B6-4818-8F97-1A073176C89F}"
EndProject
Global
	GlobalSection(SolutionConfigurationPlatforms) = preSolution
		Debug|Any CPU = Debug|Any CPU
		Release|Any CPU = Release|Any CPU
	EndGlobalSection
	GlobalSection(ProjectConfigurationPlatforms) = postSolution
		{FF4C4EC7-F6B6-4818-8F97-1A073176C89F}.Debug|Any CPU.ActiveCfg = Debug|Any CPU
		{FF4C4EC7-F6B6-4818-8F97-1A073176C89F}.Debug|Any CPU.Build.0 = Debug|Any CPU
		{FF4C4EC7-F6B6-4818-8F97-1A073176C89F}.Release|Any CPU.ActiveCfg = Release|Any CPU
		{FF4C4EC7-F6B6-4818-8F97-1A073176C89F}.Release|Any CPU.Build.0 = Release|Any CPU
	EndGlobalSection
	GlobalSection(SolutionProperties) = preSolution
		HideSolutionNode = FALSE
	EndGlobalSection
	GlobalSection(ExtensibilityGlobals) = postSolution
		SolutionGuid = {57E10CE3-2317-4236-9B79-5E92B4D327E3}
	EndGlobalSection
EndGlobal
